Microsoft Visual Studio Solution File, Format Version 11.00
# Visual Studio 2008

Project("{E93E59AB-8617-38BA-63BF-886593B80123}") = "Maze1 14 copy", "Assembly-CSharp.csproj", "{FFF45062-25AD-98F1-AAB7-C1797C658719}"
EndProject
Project("{E93E59AB-8617-38BA-63BF-886593B80123}") = "Maze1 14 copy", "Assembly-CSharp-Editor.csproj", "{C55E45EB-82AB-A539-2FC1-5BE6C728861B}"
EndProject
Global
	GlobalSection(SolutionConfigurationPlatforms) = preSolution
		Debug|Any CPU = Debug|Any CPU
		Release|Any CPU = Release|Any CPU
	EndGlobalSection
	GlobalSection(ProjectConfigurationPlatforms) = postSolution
		{FFF45062-25AD-98F1-AAB7-C1797C658719}.Debug|Any CPU.ActiveCfg = Debug|Any CPU
		{FFF45062-25AD-98F1-AAB7-C1797C658719}.Debug|Any CPU.Build.0 = Debug|Any CPU
		{FFF45062-25AD-98F1-AAB7-C1797C658719}.Release|Any CPU.ActiveCfg = Release|Any CPU
		{FFF45062-25AD-98F1-AAB7-C1797C658719}.Release|Any CPU.Build.0 = Release|Any CPU
		{C55E45EB-82AB-A539-2FC1-5BE6C728861B}.Debug|Any CPU.ActiveCfg = Debug|Any CPU
		{C55E45EB-82AB-A539-2FC1-5BE6C728861B}.Debug|Any CPU.Build.0 = Debug|Any CPU
		{C55E45EB-82AB-A539-2FC1-5BE6C728861B}.Release|Any CPU.ActiveCfg = Release|Any CPU
		{C55E45EB-82AB-A539-2FC1-5BE6C728861B}.Release|Any CPU.Build.0 = Release|Any CPU
	EndGlobalSection
	GlobalSection(SolutionProperties) = preSolution
		HideSolutionNode = FALSE
	EndGlobalSection
	GlobalSection(MonoDevelopProperties) = preSolution
		StartupItem = Assembly-CSharp.csproj
	EndGlobalSection
EndGlobal
