Microsoft Visual Studio Solution File, Format Version 11.00
# Visual Studio 2008

Project("{83350976-7CC4-CD9F-DC65-F71675FF16D0}") = "Maze1 5 copy", "Assembly-CSharp.csproj", "{8840B319-526B-D509-2BE4-D7E58CB4A6DE}"
EndProject
Project("{83350976-7CC4-CD9F-DC65-F71675FF16D0}") = "Maze1 5 copy", "Assembly-CSharp-Editor.csproj", "{9FB88A2E-2236-9D9E-4E56-999B28EAB3D8}"
EndProject
Global
	GlobalSection(SolutionConfigurationPlatforms) = preSolution
		Debug|Any CPU = Debug|Any CPU
		Release|Any CPU = Release|Any CPU
	EndGlobalSection
	GlobalSection(ProjectConfigurationPlatforms) = postSolution
		{8840B319-526B-D509-2BE4-D7E58CB4A6DE}.Debug|Any CPU.ActiveCfg = Debug|Any CPU
		{8840B319-526B-D509-2BE4-D7E58CB4A6DE}.Debug|Any CPU.Build.0 = Debug|Any CPU
		{8840B319-526B-D509-2BE4-D7E58CB4A6DE}.Release|Any CPU.ActiveCfg = Release|Any CPU
		{8840B319-526B-D509-2BE4-D7E58CB4A6DE}.Release|Any CPU.Build.0 = Release|Any CPU
		{9FB88A2E-2236-9D9E-4E56-999B28EAB3D8}.Debug|Any CPU.ActiveCfg = Debug|Any CPU
		{9FB88A2E-2236-9D9E-4E56-999B28EAB3D8}.Debug|Any CPU.Build.0 = Debug|Any CPU
		{9FB88A2E-2236-9D9E-4E56-999B28EAB3D8}.Release|Any CPU.ActiveCfg = Release|Any CPU
		{9FB88A2E-2236-9D9E-4E56-999B28EAB3D8}.Release|Any CPU.Build.0 = Release|Any CPU
	EndGlobalSection
	GlobalSection(SolutionProperties) = preSolution
		HideSolutionNode = FALSE
	EndGlobalSection
	GlobalSection(MonoDevelopProperties) = preSolution
		StartupItem = Assembly-CSharp.csproj
	EndGlobalSection
EndGlobal
