Microsoft Visual Studio Solution File, Format Version 11.00
# Visual Studio 2008

Project("{88D79309-B3B3-F1D9-729D-0591A0CA0E56}") = "Maze1 Beta Version 1.0", "Assembly-CSharp.csproj", "{35D3F2A0-ED6F-154A-71ED-8E93D4E957FB}"
EndProject
Project("{88D79309-B3B3-F1D9-729D-0591A0CA0E56}") = "Maze1 Beta Version 1.0", "Assembly-CSharp-Editor.csproj", "{69AD08A1-8080-94BC-F15E-5BB092507371}"
EndProject
Global
	GlobalSection(SolutionConfigurationPlatforms) = preSolution
		Debug|Any CPU = Debug|Any CPU
		Release|Any CPU = Release|Any CPU
	EndGlobalSection
	GlobalSection(ProjectConfigurationPlatforms) = postSolution
		{35D3F2A0-ED6F-154A-71ED-8E93D4E957FB}.Debug|Any CPU.ActiveCfg = Debug|Any CPU
		{35D3F2A0-ED6F-154A-71ED-8E93D4E957FB}.Debug|Any CPU.Build.0 = Debug|Any CPU
		{35D3F2A0-ED6F-154A-71ED-8E93D4E957FB}.Release|Any CPU.ActiveCfg = Release|Any CPU
		{35D3F2A0-ED6F-154A-71ED-8E93D4E957FB}.Release|Any CPU.Build.0 = Release|Any CPU
		{69AD08A1-8080-94BC-F15E-5BB092507371}.Debug|Any CPU.ActiveCfg = Debug|Any CPU
		{69AD08A1-8080-94BC-F15E-5BB092507371}.Debug|Any CPU.Build.0 = Debug|Any CPU
		{69AD08A1-8080-94BC-F15E-5BB092507371}.Release|Any CPU.ActiveCfg = Release|Any CPU
		{69AD08A1-8080-94BC-F15E-5BB092507371}.Release|Any CPU.Build.0 = Release|Any CPU
	EndGlobalSection
	GlobalSection(SolutionProperties) = preSolution
		HideSolutionNode = FALSE
	EndGlobalSection
	GlobalSection(MonoDevelopProperties) = preSolution
		StartupItem = Assembly-CSharp.csproj
	EndGlobalSection
EndGlobal
